// !$*UTF8*$!
{
	archiveVersion = 1;
	classes = {
	};
	objectVersion = 55;
	objects = {

/* Begin PBXBuildFile section */
		114E822C28C3842400542183 /* SwiftUI_MVVMApp.swift in Sources */ = {isa = PBXBuildFile; fileRef = 114E822B28C3842400542183 /* SwiftUI_MVVMApp.swift */; };
		114E822E28C3842400542183 /* ContentView.swift in Sources */ = {isa = PBXBuildFile; fileRef = 114E822D28C3842400542183 /* ContentView.swift */; };
		114E823028C3842600542183 /* Assets.xcassets in Resources */ = {isa = PBXBuildFile; fileRef = 114E822F28C3842600542183 /* Assets.xcassets */; };
		114E823328C3842600542183 /* Preview Assets.xcassets in Resources */ = {isa = PBXBuildFile; fileRef = 114E823228C3842600542183 /* Preview Assets.xcassets */; };
		114E823D28C3842600542183 /* SwiftUI_MVVMTests.swift in Sources */ = {isa = PBXBuildFile; fileRef = 114E823C28C3842600542183 /* SwiftUI_MVVMTests.swift */; };
		114E824728C3842600542183 /* SwiftUI_MVVMUITests.swift in Sources */ = {isa = PBXBuildFile; fileRef = 114E824628C3842600542183 /* SwiftUI_MVVMUITests.swift */; };
		114E824928C3842600542183 /* SwiftUI_MVVMUITestsLaunchTests.swift in Sources */ = {isa = PBXBuildFile; fileRef = 114E824828C3842600542183 /* SwiftUI_MVVMUITestsLaunchTests.swift */; };
		114E826428C388F500542183 /* NetworkController.swift in Sources */ = {isa = PBXBuildFile; fileRef = 114E826328C388F500542183 /* NetworkController.swift */; };
		114E826828C3893500542183 /* NetworkControllerProtocol.swift in Sources */ = {isa = PBXBuildFile; fileRef = 114E826728C3893500542183 /* NetworkControllerProtocol.swift */; };
		114E826B28C3895B00542183 /* NetworkEndpoint.swift in Sources */ = {isa = PBXBuildFile; fileRef = 114E826A28C3895B00542183 /* NetworkEndpoint.swift */; };
		114E826E28C3898C00542183 /* NetworkResponse.swift in Sources */ = {isa = PBXBuildFile; fileRef = 114E826D28C3898C00542183 /* NetworkResponse.swift */; };
		114E827128C389EF00542183 /* NetworkDecoder.swift in Sources */ = {isa = PBXBuildFile; fileRef = 114E827028C389EF00542183 /* NetworkDecoder.swift */; };
		114E827328C38A6A00542183 /* Dictionary-Extensions.swift in Sources */ = {isa = PBXBuildFile; fileRef = 114E827228C38A6A00542183 /* Dictionary-Extensions.swift */; };
		114E827528C38AA600542183 /* TimeInterval-Extensions.swift in Sources */ = {isa = PBXBuildFile; fileRef = 114E827428C38AA600542183 /* TimeInterval-Extensions.swift */; };
		114E827D28C3A4E700542183 /* ContentView-ViewModel.swift in Sources */ = {isa = PBXBuildFile; fileRef = 114E827C28C3A4E700542183 /* ContentView-ViewModel.swift */; };
		114E828028C3A69200542183 /* ViewModelDataSource-Protocol.swift in Sources */ = {isa = PBXBuildFile; fileRef = 114E827F28C3A69200542183 /* ViewModelDataSource-Protocol.swift */; };
		114E828228C3B03D00542183 /* AppError-Model.swift in Sources */ = {isa = PBXBuildFile; fileRef = 114E828128C3B03D00542183 /* AppError-Model.swift */; };
		114E828428C3B1A800542183 /* ViewModelAlert-Protocol.swift in Sources */ = {isa = PBXBuildFile; fileRef = 114E828328C3B1A800542183 /* ViewModelAlert-Protocol.swift */; };
		114E828728C3B30A00542183 /* UIImpactFeedBack.swift in Sources */ = {isa = PBXBuildFile; fileRef = 114E828628C3B30A00542183 /* UIImpactFeedBack.swift */; };
		114E828928C3B3C700542183 /* ObservableViewModel-Protocol.swift in Sources */ = {isa = PBXBuildFile; fileRef = 114E828828C3B3C700542183 /* ObservableViewModel-Protocol.swift */; };
		114E828C28C3B44200542183 /* ObservableViewModel.swift in Sources */ = {isa = PBXBuildFile; fileRef = 114E828B28C3B44200542183 /* ObservableViewModel.swift */; };
		114E828E28C3C3C400542183 /* ContentView-Model.swift in Sources */ = {isa = PBXBuildFile; fileRef = 114E828D28C3C3C400542183 /* ContentView-Model.swift */; };
		114E829328C3C51D00542183 /* ViewModelDataManager-Protocol.swift in Sources */ = {isa = PBXBuildFile; fileRef = 114E829228C3C51D00542183 /* ViewModelDataManager-Protocol.swift */; };
		114E829528C3C58A00542183 /* ServerDataManager.swift in Sources */ = {isa = PBXBuildFile; fileRef = 114E829428C3C58A00542183 /* ServerDataManager.swift */; };
		114E829C28C3C63600542183 /* Content-Endpoint.swift in Sources */ = {isa = PBXBuildFile; fileRef = 114E829B28C3C63600542183 /* Content-Endpoint.swift */; };
		114E829E28C3C68600542183 /* ContentServerManager.swift in Sources */ = {isa = PBXBuildFile; fileRef = 114E829D28C3C68600542183 /* ContentServerManager.swift */; };
		114E82A228C3C7DA00542183 /* ContentRepository.swift in Sources */ = {isa = PBXBuildFile; fileRef = 114E82A128C3C7DA00542183 /* ContentRepository.swift */; };
		114E82A428C3C7F000542183 /* ContentServer.swift in Sources */ = {isa = PBXBuildFile; fileRef = 114E82A328C3C7F000542183 /* ContentServer.swift */; };
		114E82A628C3D0C100542183 /* WeatherResponse.swift in Sources */ = {isa = PBXBuildFile; fileRef = 114E82A528C3D0C100542183 /* WeatherResponse.swift */; };
		114E82A828C3D37D00542183 /* ContentLocal.swift in Sources */ = {isa = PBXBuildFile; fileRef = 114E82A728C3D37D00542183 /* ContentLocal.swift */; };
		114E82AA28C3D4D100542183 /* LocationWeather-Model.swift in Sources */ = {isa = PBXBuildFile; fileRef = 114E82A928C3D4D100542183 /* LocationWeather-Model.swift */; };
		114E82AF28C3DDE700542183 /* LoadingView.swift in Sources */ = {isa = PBXBuildFile; fileRef = 114E82AE28C3DDE700542183 /* LoadingView.swift */; };
		114E82B128C3DF5B00542183 /* LoadingView-Modifier.swift in Sources */ = {isa = PBXBuildFile; fileRef = 114E82B028C3DF5B00542183 /* LoadingView-Modifier.swift */; };
		114E82B828C3E1FD00542183 /* DetailView.swift in Sources */ = {isa = PBXBuildFile; fileRef = 114E82B728C3E1FD00542183 /* DetailView.swift */; };
		1172EE9728C7F7DF00501B39 /* ServerManagerError.swift in Sources */ = {isa = PBXBuildFile; fileRef = 1172EE9628C7F7DF00501B39 /* ServerManagerError.swift */; };
		11C9CDE028C8F6AA00FF7539 /* ConfigurationManager.swift in Sources */ = {isa = PBXBuildFile; fileRef = 11C9CDDB28C8F6AA00FF7539 /* ConfigurationManager.swift */; };
		11C9CDE128C8F6AA00FF7539 /* ConfigReader.swift in Sources */ = {isa = PBXBuildFile; fileRef = 11C9CDDC28C8F6AA00FF7539 /* ConfigReader.swift */; };
		11C9CDE428C8F6E700FF7539 /* ConfigurationDev.plist in Resources */ = {isa = PBXBuildFile; fileRef = 11C9CDE328C8F6E700FF7539 /* ConfigurationDev.plist */; };
		11C9CDE728C8F72100FF7539 /* ConfigurationQA.plist in Resources */ = {isa = PBXBuildFile; fileRef = 11C9CDE628C8F72100FF7539 /* ConfigurationQA.plist */; };
		11C9CDEA28C8F74500FF7539 /* ConfigurationProd.plist in Resources */ = {isa = PBXBuildFile; fileRef = 11C9CDE928C8F74500FF7539 /* ConfigurationProd.plist */; };
		11C9CDF328C8FB8400FF7539 /* Localizable.strings in Resources */ = {isa = PBXBuildFile; fileRef = 11C9CDF528C8FB8400FF7539 /* Localizable.strings */; };
/* End PBXBuildFile section */

/* Begin PBXContainerItemProxy section */
		114E823928C3842600542183 /* PBXContainerItemProxy */ = {
			isa = PBXContainerItemProxy;
			containerPortal = 114E822028C3842300542183 /* Project object */;
			proxyType = 1;
			remoteGlobalIDString = 114E822728C3842400542183;
			remoteInfo = "SwiftUI-MVVM";
		};
		114E824328C3842600542183 /* PBXContainerItemProxy */ = {
			isa = PBXContainerItemProxy;
			containerPortal = 114E822028C3842300542183 /* Project object */;
			proxyType = 1;
			remoteGlobalIDString = 114E822728C3842400542183;
			remoteInfo = "SwiftUI-MVVM";
		};
/* End PBXContainerItemProxy section */

/* Begin PBXFileReference section */
		114E822828C3842400542183 /* SwiftUI-MVVM.app */ = {isa = PBXFileReference; explicitFileType = wrapper.application; includeInIndex = 0; path = "SwiftUI-MVVM.app"; sourceTree = BUILT_PRODUCTS_DIR; };
		114E822B28C3842400542183 /* SwiftUI_MVVMApp.swift */ = {isa = PBXFileReference; lastKnownFileType = sourcecode.swift; path = SwiftUI_MVVMApp.swift; sourceTree = "<group>"; };
		114E822D28C3842400542183 /* ContentView.swift */ = {isa = PBXFileReference; lastKnownFileType = sourcecode.swift; path = ContentView.swift; sourceTree = "<group>"; };
		114E822F28C3842600542183 /* Assets.xcassets */ = {isa = PBXFileReference; lastKnownFileType = folder.assetcatalog; path = Assets.xcassets; sourceTree = "<group>"; };
		114E823228C3842600542183 /* Preview Assets.xcassets */ = {isa = PBXFileReference; lastKnownFileType = folder.assetcatalog; path = "Preview Assets.xcassets"; sourceTree = "<group>"; };
		114E823828C3842600542183 /* SwiftUI-MVVMTests.xctest */ = {isa = PBXFileReference; explicitFileType = wrapper.cfbundle; includeInIndex = 0; path = "SwiftUI-MVVMTests.xctest"; sourceTree = BUILT_PRODUCTS_DIR; };
		114E823C28C3842600542183 /* SwiftUI_MVVMTests.swift */ = {isa = PBXFileReference; lastKnownFileType = sourcecode.swift; path = SwiftUI_MVVMTests.swift; sourceTree = "<group>"; };
		114E824228C3842600542183 /* SwiftUI-MVVMUITests.xctest */ = {isa = PBXFileReference; explicitFileType = wrapper.cfbundle; includeInIndex = 0; path = "SwiftUI-MVVMUITests.xctest"; sourceTree = BUILT_PRODUCTS_DIR; };
		114E824628C3842600542183 /* SwiftUI_MVVMUITests.swift */ = {isa = PBXFileReference; lastKnownFileType = sourcecode.swift; path = SwiftUI_MVVMUITests.swift; sourceTree = "<group>"; };
		114E824828C3842600542183 /* SwiftUI_MVVMUITestsLaunchTests.swift */ = {isa = PBXFileReference; lastKnownFileType = sourcecode.swift; path = SwiftUI_MVVMUITestsLaunchTests.swift; sourceTree = "<group>"; };
		114E826328C388F500542183 /* NetworkController.swift */ = {isa = PBXFileReference; lastKnownFileType = sourcecode.swift; path = NetworkController.swift; sourceTree = "<group>"; };
		114E826728C3893500542183 /* NetworkControllerProtocol.swift */ = {isa = PBXFileReference; lastKnownFileType = sourcecode.swift; path = NetworkControllerProtocol.swift; sourceTree = "<group>"; };
		114E826A28C3895B00542183 /* NetworkEndpoint.swift */ = {isa = PBXFileReference; lastKnownFileType = sourcecode.swift; path = NetworkEndpoint.swift; sourceTree = "<group>"; };
		114E826D28C3898C00542183 /* NetworkResponse.swift */ = {isa = PBXFileReference; lastKnownFileType = sourcecode.swift; path = NetworkResponse.swift; sourceTree = "<group>"; };
		114E827028C389EF00542183 /* NetworkDecoder.swift */ = {isa = PBXFileReference; lastKnownFileType = sourcecode.swift; path = NetworkDecoder.swift; sourceTree = "<group>"; };
		114E827228C38A6A00542183 /* Dictionary-Extensions.swift */ = {isa = PBXFileReference; lastKnownFileType = sourcecode.swift; path = "Dictionary-Extensions.swift"; sourceTree = "<group>"; };
		114E827428C38AA600542183 /* TimeInterval-Extensions.swift */ = {isa = PBXFileReference; lastKnownFileType = sourcecode.swift; path = "TimeInterval-Extensions.swift"; sourceTree = "<group>"; };
		114E827C28C3A4E700542183 /* ContentView-ViewModel.swift */ = {isa = PBXFileReference; lastKnownFileType = sourcecode.swift; path = "ContentView-ViewModel.swift"; sourceTree = "<group>"; };
		114E827F28C3A69200542183 /* ViewModelDataSource-Protocol.swift */ = {isa = PBXFileReference; lastKnownFileType = sourcecode.swift; path = "ViewModelDataSource-Protocol.swift"; sourceTree = "<group>"; };
		114E828128C3B03D00542183 /* AppError-Model.swift */ = {isa = PBXFileReference; lastKnownFileType = sourcecode.swift; path = "AppError-Model.swift"; sourceTree = "<group>"; };
		114E828328C3B1A800542183 /* ViewModelAlert-Protocol.swift */ = {isa = PBXFileReference; lastKnownFileType = sourcecode.swift; path = "ViewModelAlert-Protocol.swift"; sourceTree = "<group>"; };
		114E828628C3B30A00542183 /* UIImpactFeedBack.swift */ = {isa = PBXFileReference; lastKnownFileType = sourcecode.swift; path = UIImpactFeedBack.swift; sourceTree = "<group>"; };
		114E828828C3B3C700542183 /* ObservableViewModel-Protocol.swift */ = {isa = PBXFileReference; lastKnownFileType = sourcecode.swift; path = "ObservableViewModel-Protocol.swift"; sourceTree = "<group>"; };
		114E828B28C3B44200542183 /* ObservableViewModel.swift */ = {isa = PBXFileReference; lastKnownFileType = sourcecode.swift; path = ObservableViewModel.swift; sourceTree = "<group>"; };
		114E828D28C3C3C400542183 /* ContentView-Model.swift */ = {isa = PBXFileReference; lastKnownFileType = sourcecode.swift; path = "ContentView-Model.swift"; sourceTree = "<group>"; };
		114E829228C3C51D00542183 /* ViewModelDataManager-Protocol.swift */ = {isa = PBXFileReference; lastKnownFileType = sourcecode.swift; path = "ViewModelDataManager-Protocol.swift"; sourceTree = "<group>"; };
		114E829428C3C58A00542183 /* ServerDataManager.swift */ = {isa = PBXFileReference; lastKnownFileType = sourcecode.swift; path = ServerDataManager.swift; sourceTree = "<group>"; };
		114E829B28C3C63600542183 /* Content-Endpoint.swift */ = {isa = PBXFileReference; lastKnownFileType = sourcecode.swift; path = "Content-Endpoint.swift"; sourceTree = "<group>"; };
		114E829D28C3C68600542183 /* ContentServerManager.swift */ = {isa = PBXFileReference; lastKnownFileType = sourcecode.swift; path = ContentServerManager.swift; sourceTree = "<group>"; };
		114E82A128C3C7DA00542183 /* ContentRepository.swift */ = {isa = PBXFileReference; lastKnownFileType = sourcecode.swift; path = ContentRepository.swift; sourceTree = "<group>"; };
		114E82A328C3C7F000542183 /* ContentServer.swift */ = {isa = PBXFileReference; lastKnownFileType = sourcecode.swift; path = ContentServer.swift; sourceTree = "<group>"; };
		114E82A528C3D0C100542183 /* WeatherResponse.swift */ = {isa = PBXFileReference; lastKnownFileType = sourcecode.swift; path = WeatherResponse.swift; sourceTree = "<group>"; };
		114E82A728C3D37D00542183 /* ContentLocal.swift */ = {isa = PBXFileReference; lastKnownFileType = sourcecode.swift; path = ContentLocal.swift; sourceTree = "<group>"; };
		114E82A928C3D4D100542183 /* LocationWeather-Model.swift */ = {isa = PBXFileReference; lastKnownFileType = sourcecode.swift; path = "LocationWeather-Model.swift"; sourceTree = "<group>"; };
		114E82AE28C3DDE700542183 /* LoadingView.swift */ = {isa = PBXFileReference; lastKnownFileType = sourcecode.swift; path = LoadingView.swift; sourceTree = "<group>"; };
		114E82B028C3DF5B00542183 /* LoadingView-Modifier.swift */ = {isa = PBXFileReference; lastKnownFileType = sourcecode.swift; path = "LoadingView-Modifier.swift"; sourceTree = "<group>"; };
		114E82B728C3E1FD00542183 /* DetailView.swift */ = {isa = PBXFileReference; lastKnownFileType = sourcecode.swift; path = DetailView.swift; sourceTree = "<group>"; };
		1172EE9628C7F7DF00501B39 /* ServerManagerError.swift */ = {isa = PBXFileReference; lastKnownFileType = sourcecode.swift; path = ServerManagerError.swift; sourceTree = "<group>"; };
		11C9CDDB28C8F6AA00FF7539 /* ConfigurationManager.swift */ = {isa = PBXFileReference; fileEncoding = 4; lastKnownFileType = sourcecode.swift; path = ConfigurationManager.swift; sourceTree = "<group>"; };
		11C9CDDC28C8F6AA00FF7539 /* ConfigReader.swift */ = {isa = PBXFileReference; fileEncoding = 4; lastKnownFileType = sourcecode.swift; path = ConfigReader.swift; sourceTree = "<group>"; };
		11C9CDE328C8F6E700FF7539 /* ConfigurationDev.plist */ = {isa = PBXFileReference; fileEncoding = 4; lastKnownFileType = text.plist.xml; path = ConfigurationDev.plist; sourceTree = "<group>"; };
		11C9CDE628C8F72100FF7539 /* ConfigurationQA.plist */ = {isa = PBXFileReference; fileEncoding = 4; lastKnownFileType = text.plist.xml; path = ConfigurationQA.plist; sourceTree = "<group>"; };
		11C9CDE928C8F74500FF7539 /* ConfigurationProd.plist */ = {isa = PBXFileReference; fileEncoding = 4; lastKnownFileType = text.plist.xml; path = ConfigurationProd.plist; sourceTree = "<group>"; };
		11C9CDF028C8FA9200FF7539 /* Info.plist */ = {isa = PBXFileReference; lastKnownFileType = text.plist; path = Info.plist; sourceTree = "<group>"; };
		11C9CDF428C8FB8400FF7539 /* en */ = {isa = PBXFileReference; lastKnownFileType = text.plist.strings; name = en; path = en.lproj/Localizable.strings; sourceTree = "<group>"; };
		11C9CDF628C8FB8600FF7539 /* es */ = {isa = PBXFileReference; lastKnownFileType = text.plist.strings; name = es; path = es.lproj/Localizable.strings; sourceTree = "<group>"; };
/* End PBXFileReference section */

/* Begin PBXFrameworksBuildPhase section */
		114E822528C3842400542183 /* Frameworks */ = {
			isa = PBXFrameworksBuildPhase;
			buildActionMask = 2147483647;
			files = (
			);
			runOnlyForDeploymentPostprocessing = 0;
		};
		114E823528C3842600542183 /* Frameworks */ = {
			isa = PBXFrameworksBuildPhase;
			buildActionMask = 2147483647;
			files = (
			);
			runOnlyForDeploymentPostprocessing = 0;
		};
		114E823F28C3842600542183 /* Frameworks */ = {
			isa = PBXFrameworksBuildPhase;
			buildActionMask = 2147483647;
			files = (
			);
			runOnlyForDeploymentPostprocessing = 0;
		};
/* End PBXFrameworksBuildPhase section */

/* Begin PBXGroup section */
		1108E46328C7B806006C2605 /* SuportingFiles */ = {
			isa = PBXGroup;
			children = (
				11C9CDD728C8F67C00FF7539 /* AppConfig */,
				11C9CDF528C8FB8400FF7539 /* Localizable.strings */,
			);
			path = SuportingFiles;
			sourceTree = "<group>";
		};
		114E821F28C3842300542183 = {
			isa = PBXGroup;
			children = (
				114E822A28C3842400542183 /* SwiftUI-MVVM */,
				114E823B28C3842600542183 /* SwiftUI-MVVMTests */,
				114E824528C3842600542183 /* SwiftUI-MVVMUITests */,
				114E822928C3842400542183 /* Products */,
			);
			sourceTree = "<group>";
		};
		114E822928C3842400542183 /* Products */ = {
			isa = PBXGroup;
			children = (
				114E822828C3842400542183 /* SwiftUI-MVVM.app */,
				114E823828C3842600542183 /* SwiftUI-MVVMTests.xctest */,
				114E824228C3842600542183 /* SwiftUI-MVVMUITests.xctest */,
			);
			name = Products;
			sourceTree = "<group>";
		};
		114E822A28C3842400542183 /* SwiftUI-MVVM */ = {
			isa = PBXGroup;
			children = (
				11C9CDF028C8FA9200FF7539 /* Info.plist */,
				114E825928C3870E00542183 /* BaseFiles */,
				114E825528C386A600542183 /* Modules */,
				114E825628C386C000542183 /* CommonShared */,
				1108E46328C7B806006C2605 /* SuportingFiles */,
				114E825828C386DB00542183 /* API */,
				114E825A28C3872C00542183 /* Assets */,
				114E823128C3842600542183 /* Preview Content */,
			);
			path = "SwiftUI-MVVM";
			sourceTree = "<group>";
		};
		114E823128C3842600542183 /* Preview Content */ = {
			isa = PBXGroup;
			children = (
				114E823228C3842600542183 /* Preview Assets.xcassets */,
			);
			path = "Preview Content";
			sourceTree = "<group>";
		};
		114E823B28C3842600542183 /* SwiftUI-MVVMTests */ = {
			isa = PBXGroup;
			children = (
				114E823C28C3842600542183 /* SwiftUI_MVVMTests.swift */,
			);
			path = "SwiftUI-MVVMTests";
			sourceTree = "<group>";
		};
		114E824528C3842600542183 /* SwiftUI-MVVMUITests */ = {
			isa = PBXGroup;
			children = (
				114E824628C3842600542183 /* SwiftUI_MVVMUITests.swift */,
				114E824828C3842600542183 /* SwiftUI_MVVMUITestsLaunchTests.swift */,
			);
			path = "SwiftUI-MVVMUITests";
			sourceTree = "<group>";
		};
		114E825528C386A600542183 /* Modules */ = {
			isa = PBXGroup;
			children = (
				114E827628C38DC200542183 /* Content */,
				114E82B228C3E1AF00542183 /* Detail */,
			);
			path = Modules;
			sourceTree = "<group>";
		};
		114E825628C386C000542183 /* CommonShared */ = {
			isa = PBXGroup;
			children = (
				114E825D28C387CF00542183 /* Models */,
				114E826028C3881900542183 /* Utilities */,
				114E825C28C387BF00542183 /* View */,
				114E826128C3884800542183 /* Modifiers */,
				114E825B28C387AF00542183 /* Extensions */,
				114E827E28C3A66C00542183 /* Protocols */,
			);
			path = CommonShared;
			sourceTree = "<group>";
		};
		114E825828C386DB00542183 /* API */ = {
			isa = PBXGroup;
			children = (
				114E828F28C3C4D300542183 /* Combine */,
				114E829028C3C4ED00542183 /* DataManager */,
				1172EE9528C7F7D000501B39 /* ErrorManager */,
				114E829628C3C5DC00542183 /* Servers */,
			);
			path = API;
			sourceTree = "<group>";
		};
		114E825928C3870E00542183 /* BaseFiles */ = {
			isa = PBXGroup;
			children = (
				114E822B28C3842400542183 /* SwiftUI_MVVMApp.swift */,
			);
			path = BaseFiles;
			sourceTree = "<group>";
		};
		114E825A28C3872C00542183 /* Assets */ = {
			isa = PBXGroup;
			children = (
				114E822F28C3842600542183 /* Assets.xcassets */,
			);
			path = Assets;
			sourceTree = "<group>";
		};
		114E825B28C387AF00542183 /* Extensions */ = {
			isa = PBXGroup;
			children = (
				114E827228C38A6A00542183 /* Dictionary-Extensions.swift */,
				114E827428C38AA600542183 /* TimeInterval-Extensions.swift */,
			);
			path = Extensions;
			sourceTree = "<group>";
		};
		114E825C28C387BF00542183 /* View */ = {
			isa = PBXGroup;
			children = (
				114E825E28C387F100542183 /* Card */,
				114E825F28C387F700542183 /* Components */,
			);
			path = View;
			sourceTree = "<group>";
		};
		114E825D28C387CF00542183 /* Models */ = {
			isa = PBXGroup;
			children = (
				114E828128C3B03D00542183 /* AppError-Model.swift */,
				114E82A928C3D4D100542183 /* LocationWeather-Model.swift */,
			);
			path = Models;
			sourceTree = "<group>";
		};
		114E825E28C387F100542183 /* Card */ = {
			isa = PBXGroup;
			children = (
			);
			path = Card;
			sourceTree = "<group>";
		};
		114E825F28C387F700542183 /* Components */ = {
			isa = PBXGroup;
			children = (
				114E82AD28C3DDCB00542183 /* Loading */,
			);
			path = Components;
			sourceTree = "<group>";
		};
		114E826028C3881900542183 /* Utilities */ = {
			isa = PBXGroup;
			children = (
				114E828A28C3B43B00542183 /* ObservableViewModel */,
				114E828528C3B2E900542183 /* UIImpactFeedBack */,
				114E826228C3884F00542183 /* DesignRules */,
			);
			path = Utilities;
			sourceTree = "<group>";
		};
		114E826128C3884800542183 /* Modifiers */ = {
			isa = PBXGroup;
			children = (
				114E82B028C3DF5B00542183 /* LoadingView-Modifier.swift */,
			);
			path = Modifiers;
			sourceTree = "<group>";
		};
		114E826228C3884F00542183 /* DesignRules */ = {
			isa = PBXGroup;
			children = (
			);
			path = DesignRules;
			sourceTree = "<group>";
		};
		114E826528C3891500542183 /* Controller */ = {
			isa = PBXGroup;
			children = (
				114E826328C388F500542183 /* NetworkController.swift */,
			);
			path = Controller;
			sourceTree = "<group>";
		};
		114E826628C3891A00542183 /* Protocol */ = {
			isa = PBXGroup;
			children = (
				114E826728C3893500542183 /* NetworkControllerProtocol.swift */,
			);
			path = Protocol;
			sourceTree = "<group>";
		};
		114E826928C3894800542183 /* Endpoint */ = {
			isa = PBXGroup;
			children = (
				114E826A28C3895B00542183 /* NetworkEndpoint.swift */,
			);
			path = Endpoint;
			sourceTree = "<group>";
		};
		114E826C28C3897700542183 /* Response */ = {
			isa = PBXGroup;
			children = (
				114E826D28C3898C00542183 /* NetworkResponse.swift */,
			);
			path = Response;
			sourceTree = "<group>";
		};
		114E826F28C389DC00542183 /* Utilities */ = {
			isa = PBXGroup;
			children = (
				114E827028C389EF00542183 /* NetworkDecoder.swift */,
			);
			path = Utilities;
			sourceTree = "<group>";
		};
		114E827628C38DC200542183 /* Content */ = {
			isa = PBXGroup;
			children = (
				114E827A28C38DDE00542183 /* Model */,
				114E827928C38DD900542183 /* View */,
				114E827828C38DD200542183 /* ViewModel */,
				114E827728C38DCA00542183 /* Repository */,
			);
			path = Content;
			sourceTree = "<group>";
		};
		114E827728C38DCA00542183 /* Repository */ = {
			isa = PBXGroup;
			children = (
				114E82A128C3C7DA00542183 /* ContentRepository.swift */,
				114E82A028C3C7C300542183 /* Server */,
				114E829F28C3C7BD00542183 /* Local */,
			);
			path = Repository;
			sourceTree = "<group>";
		};
		114E827828C38DD200542183 /* ViewModel */ = {
			isa = PBXGroup;
			children = (
				114E827C28C3A4E700542183 /* ContentView-ViewModel.swift */,
			);
			path = ViewModel;
			sourceTree = "<group>";
		};
		114E827928C38DD900542183 /* View */ = {
			isa = PBXGroup;
			children = (
				114E82AB28C3DDA800542183 /* Card */,
				114E82AC28C3DDAE00542183 /* Component */,
				114E822D28C3842400542183 /* ContentView.swift */,
			);
			path = View;
			sourceTree = "<group>";
		};
		114E827A28C38DDE00542183 /* Model */ = {
			isa = PBXGroup;
			children = (
				114E828D28C3C3C400542183 /* ContentView-Model.swift */,
			);
			path = Model;
			sourceTree = "<group>";
		};
		114E827E28C3A66C00542183 /* Protocols */ = {
			isa = PBXGroup;
			children = (
				114E828828C3B3C700542183 /* ObservableViewModel-Protocol.swift */,
				114E827F28C3A69200542183 /* ViewModelDataSource-Protocol.swift */,
				114E829228C3C51D00542183 /* ViewModelDataManager-Protocol.swift */,
				114E828328C3B1A800542183 /* ViewModelAlert-Protocol.swift */,
			);
			path = Protocols;
			sourceTree = "<group>";
		};
		114E828528C3B2E900542183 /* UIImpactFeedBack */ = {
			isa = PBXGroup;
			children = (
				114E828628C3B30A00542183 /* UIImpactFeedBack.swift */,
			);
			path = UIImpactFeedBack;
			sourceTree = "<group>";
		};
		114E828A28C3B43B00542183 /* ObservableViewModel */ = {
			isa = PBXGroup;
			children = (
				114E828B28C3B44200542183 /* ObservableViewModel.swift */,
			);
			path = ObservableViewModel;
			sourceTree = "<group>";
		};
		114E828F28C3C4D300542183 /* Combine */ = {
			isa = PBXGroup;
			children = (
				114E826628C3891A00542183 /* Protocol */,
				114E826528C3891500542183 /* Controller */,
				114E826F28C389DC00542183 /* Utilities */,
				114E826C28C3897700542183 /* Response */,
				114E826928C3894800542183 /* Endpoint */,
			);
			path = Combine;
			sourceTree = "<group>";
		};
		114E829028C3C4ED00542183 /* DataManager */ = {
			isa = PBXGroup;
			children = (
				114E829428C3C58A00542183 /* ServerDataManager.swift */,
			);
			path = DataManager;
			sourceTree = "<group>";
		};
		114E829628C3C5DC00542183 /* Servers */ = {
			isa = PBXGroup;
			children = (
				114E829828C3C60800542183 /* Response */,
				114E829728C3C5EE00542183 /* Content */,
			);
			path = Servers;
			sourceTree = "<group>";
		};
		114E829728C3C5EE00542183 /* Content */ = {
			isa = PBXGroup;
			children = (
				114E829928C3C61400542183 /* Endpoint */,
				114E829A28C3C61A00542183 /* Server */,
			);
			path = Content;
			sourceTree = "<group>";
		};
		114E829828C3C60800542183 /* Response */ = {
			isa = PBXGroup;
			children = (
				114E82A528C3D0C100542183 /* WeatherResponse.swift */,
			);
			path = Response;
			sourceTree = "<group>";
		};
		114E829928C3C61400542183 /* Endpoint */ = {
			isa = PBXGroup;
			children = (
				114E829B28C3C63600542183 /* Content-Endpoint.swift */,
			);
			path = Endpoint;
			sourceTree = "<group>";
		};
		114E829A28C3C61A00542183 /* Server */ = {
			isa = PBXGroup;
			children = (
				114E829D28C3C68600542183 /* ContentServerManager.swift */,
			);
			path = Server;
			sourceTree = "<group>";
		};
		114E829F28C3C7BD00542183 /* Local */ = {
			isa = PBXGroup;
			children = (
				114E82A728C3D37D00542183 /* ContentLocal.swift */,
			);
			path = Local;
			sourceTree = "<group>";
		};
		114E82A028C3C7C300542183 /* Server */ = {
			isa = PBXGroup;
			children = (
				114E82A328C3C7F000542183 /* ContentServer.swift */,
			);
			path = Server;
			sourceTree = "<group>";
		};
		114E82AB28C3DDA800542183 /* Card */ = {
			isa = PBXGroup;
			children = (
			);
			path = Card;
			sourceTree = "<group>";
		};
		114E82AC28C3DDAE00542183 /* Component */ = {
			isa = PBXGroup;
			children = (
			);
			path = Component;
			sourceTree = "<group>";
		};
		114E82AD28C3DDCB00542183 /* Loading */ = {
			isa = PBXGroup;
			children = (
				114E82AE28C3DDE700542183 /* LoadingView.swift */,
			);
			path = Loading;
			sourceTree = "<group>";
		};
		114E82B228C3E1AF00542183 /* Detail */ = {
			isa = PBXGroup;
			children = (
				114E82B628C3E1ED00542183 /* Model */,
				114E82B528C3E1E900542183 /* View */,
				114E82B428C3E1E400542183 /* ViewModel */,
				114E82B328C3E1D800542183 /* Repository */,
			);
			path = Detail;
			sourceTree = "<group>";
		};
		114E82B328C3E1D800542183 /* Repository */ = {
			isa = PBXGroup;
			children = (
			);
			path = Repository;
			sourceTree = "<group>";
		};
		114E82B428C3E1E400542183 /* ViewModel */ = {
			isa = PBXGroup;
			children = (
			);
			path = ViewModel;
			sourceTree = "<group>";
		};
		114E82B528C3E1E900542183 /* View */ = {
			isa = PBXGroup;
			children = (
				114E82BA28C3E20600542183 /* Card */,
				114E82B928C3E20200542183 /* Component */,
				114E82B728C3E1FD00542183 /* DetailView.swift */,
			);
			path = View;
			sourceTree = "<group>";
		};
		114E82B628C3E1ED00542183 /* Model */ = {
			isa = PBXGroup;
			children = (
			);
			path = Model;
			sourceTree = "<group>";
		};
		114E82B928C3E20200542183 /* Component */ = {
			isa = PBXGroup;
			children = (
			);
			path = Component;
			sourceTree = "<group>";
		};
		114E82BA28C3E20600542183 /* Card */ = {
			isa = PBXGroup;
			children = (
			);
			path = Card;
			sourceTree = "<group>";
		};
		1172EE9528C7F7D000501B39 /* ErrorManager */ = {
			isa = PBXGroup;
			children = (
				1172EE9628C7F7DF00501B39 /* ServerManagerError.swift */,
			);
			path = ErrorManager;
			sourceTree = "<group>";
		};
		11C9CDD728C8F67C00FF7539 /* AppConfig */ = {
			isa = PBXGroup;
			children = (
				11C9CDDC28C8F6AA00FF7539 /* ConfigReader.swift */,
				11C9CDDB28C8F6AA00FF7539 /* ConfigurationManager.swift */,
				11C9CDE228C8F6DB00FF7539 /* Development */,
				11C9CDE528C8F71200FF7539 /* QA */,
				11C9CDE828C8F73600FF7539 /* Production */,
			);
			path = AppConfig;
			sourceTree = "<group>";
		};
		11C9CDE228C8F6DB00FF7539 /* Development */ = {
			isa = PBXGroup;
			children = (
				11C9CDE328C8F6E700FF7539 /* ConfigurationDev.plist */,
			);
			path = Development;
			sourceTree = "<group>";
		};
		11C9CDE528C8F71200FF7539 /* QA */ = {
			isa = PBXGroup;
			children = (
				11C9CDE628C8F72100FF7539 /* ConfigurationQA.plist */,
			);
			path = QA;
			sourceTree = "<group>";
		};
		11C9CDE828C8F73600FF7539 /* Production */ = {
			isa = PBXGroup;
			children = (
				11C9CDE928C8F74500FF7539 /* ConfigurationProd.plist */,
			);
			path = Production;
			sourceTree = "<group>";
		};
/* End PBXGroup section */

/* Begin PBXNativeTarget section */
		114E822728C3842400542183 /* SwiftUI-MVVM */ = {
			isa = PBXNativeTarget;
			buildConfigurationList = 114E824C28C3842600542183 /* Build configuration list for PBXNativeTarget "SwiftUI-MVVM" */;
			buildPhases = (
				114E822428C3842400542183 /* Sources */,
				114E822528C3842400542183 /* Frameworks */,
				114E822628C3842400542183 /* Resources */,
			);
			buildRules = (
			);
			dependencies = (
			);
			name = "SwiftUI-MVVM";
			productName = "SwiftUI-MVVM";
			productReference = 114E822828C3842400542183 /* SwiftUI-MVVM.app */;
			productType = "com.apple.product-type.application";
		};
		114E823728C3842600542183 /* SwiftUI-MVVMTests */ = {
			isa = PBXNativeTarget;
			buildConfigurationList = 114E824F28C3842600542183 /* Build configuration list for PBXNativeTarget "SwiftUI-MVVMTests" */;
			buildPhases = (
				114E823428C3842600542183 /* Sources */,
				114E823528C3842600542183 /* Frameworks */,
				114E823628C3842600542183 /* Resources */,
			);
			buildRules = (
			);
			dependencies = (
				114E823A28C3842600542183 /* PBXTargetDependency */,
			);
			name = "SwiftUI-MVVMTests";
			productName = "SwiftUI-MVVMTests";
			productReference = 114E823828C3842600542183 /* SwiftUI-MVVMTests.xctest */;
			productType = "com.apple.product-type.bundle.unit-test";
		};
		114E824128C3842600542183 /* SwiftUI-MVVMUITests */ = {
			isa = PBXNativeTarget;
			buildConfigurationList = 114E825228C3842600542183 /* Build configuration list for PBXNativeTarget "SwiftUI-MVVMUITests" */;
			buildPhases = (
				114E823E28C3842600542183 /* Sources */,
				114E823F28C3842600542183 /* Frameworks */,
				114E824028C3842600542183 /* Resources */,
			);
			buildRules = (
			);
			dependencies = (
				114E824428C3842600542183 /* PBXTargetDependency */,
			);
			name = "SwiftUI-MVVMUITests";
			productName = "SwiftUI-MVVMUITests";
			productReference = 114E824228C3842600542183 /* SwiftUI-MVVMUITests.xctest */;
			productType = "com.apple.product-type.bundle.ui-testing";
		};
/* End PBXNativeTarget section */

/* Begin PBXProject section */
		114E822028C3842300542183 /* Project object */ = {
			isa = PBXProject;
			attributes = {
				BuildIndependentTargetsInParallel = 1;
				LastSwiftUpdateCheck = 1340;
				LastUpgradeCheck = 1340;
				TargetAttributes = {
					114E822728C3842400542183 = {
						CreatedOnToolsVersion = 13.4.1;
					};
					114E823728C3842600542183 = {
						CreatedOnToolsVersion = 13.4.1;
						TestTargetID = 114E822728C3842400542183;
					};
					114E824128C3842600542183 = {
						CreatedOnToolsVersion = 13.4.1;
						TestTargetID = 114E822728C3842400542183;
					};
				};
			};
			buildConfigurationList = 114E822328C3842300542183 /* Build configuration list for PBXProject "SwiftUI-MVVM" */;
			compatibilityVersion = "Xcode 13.0";
			developmentRegion = en;
			hasScannedForEncodings = 0;
			knownRegions = (
				en,
				Base,
				es,
			);
			mainGroup = 114E821F28C3842300542183;
			productRefGroup = 114E822928C3842400542183 /* Products */;
			projectDirPath = "";
			projectRoot = "";
			targets = (
				114E822728C3842400542183 /* SwiftUI-MVVM */,
				114E823728C3842600542183 /* SwiftUI-MVVMTests */,
				114E824128C3842600542183 /* SwiftUI-MVVMUITests */,
			);
		};
/* End PBXProject section */

/* Begin PBXResourcesBuildPhase section */
		114E822628C3842400542183 /* Resources */ = {
			isa = PBXResourcesBuildPhase;
			buildActionMask = 2147483647;
			files = (
				11C9CDEA28C8F74500FF7539 /* ConfigurationProd.plist in Resources */,
				11C9CDF328C8FB8400FF7539 /* Localizable.strings in Resources */,
				114E823328C3842600542183 /* Preview Assets.xcassets in Resources */,
				11C9CDE728C8F72100FF7539 /* ConfigurationQA.plist in Resources */,
				114E823028C3842600542183 /* Assets.xcassets in Resources */,
				11C9CDE428C8F6E700FF7539 /* ConfigurationDev.plist in Resources */,
			);
			runOnlyForDeploymentPostprocessing = 0;
		};
		114E823628C3842600542183 /* Resources */ = {
			isa = PBXResourcesBuildPhase;
			buildActionMask = 2147483647;
			files = (
			);
			runOnlyForDeploymentPostprocessing = 0;
		};
		114E824028C3842600542183 /* Resources */ = {
			isa = PBXResourcesBuildPhase;
			buildActionMask = 2147483647;
			files = (
			);
			runOnlyForDeploymentPostprocessing = 0;
		};
/* End PBXResourcesBuildPhase section */

/* Begin PBXSourcesBuildPhase section */
		114E822428C3842400542183 /* Sources */ = {
			isa = PBXSourcesBuildPhase;
			buildActionMask = 2147483647;
			files = (
				114E829328C3C51D00542183 /* ViewModelDataManager-Protocol.swift in Sources */,
				114E822E28C3842400542183 /* ContentView.swift in Sources */,
				114E828428C3B1A800542183 /* ViewModelAlert-Protocol.swift in Sources */,
				114E827328C38A6A00542183 /* Dictionary-Extensions.swift in Sources */,
				114E828928C3B3C700542183 /* ObservableViewModel-Protocol.swift in Sources */,
				114E827528C38AA600542183 /* TimeInterval-Extensions.swift in Sources */,
				114E82B128C3DF5B00542183 /* LoadingView-Modifier.swift in Sources */,
				114E828C28C3B44200542183 /* ObservableViewModel.swift in Sources */,
				114E82A628C3D0C100542183 /* WeatherResponse.swift in Sources */,
				114E82AF28C3DDE700542183 /* LoadingView.swift in Sources */,
				114E822C28C3842400542183 /* SwiftUI_MVVMApp.swift in Sources */,
				114E826828C3893500542183 /* NetworkControllerProtocol.swift in Sources */,
				114E828E28C3C3C400542183 /* ContentView-Model.swift in Sources */,
				114E828728C3B30A00542183 /* UIImpactFeedBack.swift in Sources */,
				114E826428C388F500542183 /* NetworkController.swift in Sources */,
				114E82B828C3E1FD00542183 /* DetailView.swift in Sources */,
				114E827128C389EF00542183 /* NetworkDecoder.swift in Sources */,
				114E828028C3A69200542183 /* ViewModelDataSource-Protocol.swift in Sources */,
				114E829528C3C58A00542183 /* ServerDataManager.swift in Sources */,
				114E82A828C3D37D00542183 /* ContentLocal.swift in Sources */,
				114E829E28C3C68600542183 /* ContentServerManager.swift in Sources */,
				11C9CDE028C8F6AA00FF7539 /* ConfigurationManager.swift in Sources */,
				11C9CDE128C8F6AA00FF7539 /* ConfigReader.swift in Sources */,
				114E828228C3B03D00542183 /* AppError-Model.swift in Sources */,
				114E82A228C3C7DA00542183 /* ContentRepository.swift in Sources */,
				1172EE9728C7F7DF00501B39 /* ServerManagerError.swift in Sources */,
				114E827D28C3A4E700542183 /* ContentView-ViewModel.swift in Sources */,
				114E826B28C3895B00542183 /* NetworkEndpoint.swift in Sources */,
				114E829C28C3C63600542183 /* Content-Endpoint.swift in Sources */,
				114E82A428C3C7F000542183 /* ContentServer.swift in Sources */,
				114E826E28C3898C00542183 /* NetworkResponse.swift in Sources */,
				114E82AA28C3D4D100542183 /* LocationWeather-Model.swift in Sources */,
			);
			runOnlyForDeploymentPostprocessing = 0;
		};
		114E823428C3842600542183 /* Sources */ = {
			isa = PBXSourcesBuildPhase;
			buildActionMask = 2147483647;
			files = (
				114E823D28C3842600542183 /* SwiftUI_MVVMTests.swift in Sources */,
			);
			runOnlyForDeploymentPostprocessing = 0;
		};
		114E823E28C3842600542183 /* Sources */ = {
			isa = PBXSourcesBuildPhase;
			buildActionMask = 2147483647;
			files = (
				114E824928C3842600542183 /* SwiftUI_MVVMUITestsLaunchTests.swift in Sources */,
				114E824728C3842600542183 /* SwiftUI_MVVMUITests.swift in Sources */,
			);
			runOnlyForDeploymentPostprocessing = 0;
		};
/* End PBXSourcesBuildPhase section */

/* Begin PBXTargetDependency section */
		114E823A28C3842600542183 /* PBXTargetDependency */ = {
			isa = PBXTargetDependency;
			target = 114E822728C3842400542183 /* SwiftUI-MVVM */;
			targetProxy = 114E823928C3842600542183 /* PBXContainerItemProxy */;
		};
		114E824428C3842600542183 /* PBXTargetDependency */ = {
			isa = PBXTargetDependency;
			target = 114E822728C3842400542183 /* SwiftUI-MVVM */;
			targetProxy = 114E824328C3842600542183 /* PBXContainerItemProxy */;
		};
/* End PBXTargetDependency section */

/* Begin PBXVariantGroup section */
		11C9CDF528C8FB8400FF7539 /* Localizable.strings */ = {
			isa = PBXVariantGroup;
			children = (
				11C9CDF428C8FB8400FF7539 /* en */,
				11C9CDF628C8FB8600FF7539 /* es */,
			);
			name = Localizable.strings;
			sourceTree = "<group>";
		};
/* End PBXVariantGroup section */

/* Begin XCBuildConfiguration section */
		114E824A28C3842600542183 /* Dev */ = {
			isa = XCBuildConfiguration;
			buildSettings = {
				ALWAYS_SEARCH_USER_PATHS = NO;
				CLANG_ANALYZER_NONNULL = YES;
				CLANG_ANALYZER_NUMBER_OBJECT_CONVERSION = YES_AGGRESSIVE;
				CLANG_CXX_LANGUAGE_STANDARD = "gnu++17";
				CLANG_ENABLE_MODULES = YES;
				CLANG_ENABLE_OBJC_ARC = YES;
				CLANG_ENABLE_OBJC_WEAK = YES;
				CLANG_WARN_BLOCK_CAPTURE_AUTORELEASING = YES;
				CLANG_WARN_BOOL_CONVERSION = YES;
				CLANG_WARN_COMMA = YES;
				CLANG_WARN_CONSTANT_CONVERSION = YES;
				CLANG_WARN_DEPRECATED_OBJC_IMPLEMENTATIONS = YES;
				CLANG_WARN_DIRECT_OBJC_ISA_USAGE = YES_ERROR;
				CLANG_WARN_DOCUMENTATION_COMMENTS = YES;
				CLANG_WARN_EMPTY_BODY = YES;
				CLANG_WARN_ENUM_CONVERSION = YES;
				CLANG_WARN_INFINITE_RECURSION = YES;
				CLANG_WARN_INT_CONVERSION = YES;
				CLANG_WARN_NON_LITERAL_NULL_CONVERSION = YES;
				CLANG_WARN_OBJC_IMPLICIT_RETAIN_SELF = YES;
				CLANG_WARN_OBJC_LITERAL_CONVERSION = YES;
				CLANG_WARN_OBJC_ROOT_CLASS = YES_ERROR;
				CLANG_WARN_QUOTED_INCLUDE_IN_FRAMEWORK_HEADER = YES;
				CLANG_WARN_RANGE_LOOP_ANALYSIS = YES;
				CLANG_WARN_STRICT_PROTOTYPES = YES;
				CLANG_WARN_SUSPICIOUS_MOVE = YES;
				CLANG_WARN_UNGUARDED_AVAILABILITY = YES_AGGRESSIVE;
				CLANG_WARN_UNREACHABLE_CODE = YES;
				CLANG_WARN__DUPLICATE_METHOD_MATCH = YES;
				COPY_PHASE_STRIP = NO;
				DEBUG_INFORMATION_FORMAT = dwarf;
				ENABLE_STRICT_OBJC_MSGSEND = YES;
				ENABLE_TESTABILITY = YES;
				GCC_C_LANGUAGE_STANDARD = gnu11;
				GCC_DYNAMIC_NO_PIC = NO;
				GCC_NO_COMMON_BLOCKS = YES;
				GCC_OPTIMIZATION_LEVEL = 0;
				GCC_PREPROCESSOR_DEFINITIONS = (
					"DEBUG=1",
					"$(inherited)",
				);
				GCC_WARN_64_TO_32_BIT_CONVERSION = YES;
				GCC_WARN_ABOUT_RETURN_TYPE = YES_ERROR;
				GCC_WARN_UNDECLARED_SELECTOR = YES;
				GCC_WARN_UNINITIALIZED_AUTOS = YES_AGGRESSIVE;
				GCC_WARN_UNUSED_FUNCTION = YES;
				GCC_WARN_UNUSED_VARIABLE = YES;
				IPHONEOS_DEPLOYMENT_TARGET = 15.5;
				MTL_ENABLE_DEBUG_INFO = INCLUDE_SOURCE;
				MTL_FAST_MATH = YES;
				ONLY_ACTIVE_ARCH = YES;
				SDKROOT = iphoneos;
				SWIFT_ACTIVE_COMPILATION_CONDITIONS = DEBUG;
				SWIFT_OPTIMIZATION_LEVEL = "-Onone";
			};
			name = Dev;
		};
		114E824B28C3842600542183 /* Prod */ = {
			isa = XCBuildConfiguration;
			buildSettings = {
				ALWAYS_SEARCH_USER_PATHS = NO;
				CLANG_ANALYZER_NONNULL = YES;
				CLANG_ANALYZER_NUMBER_OBJECT_CONVERSION = YES_AGGRESSIVE;
				CLANG_CXX_LANGUAGE_STANDARD = "gnu++17";
				CLANG_ENABLE_MODULES = YES;
				CLANG_ENABLE_OBJC_ARC = YES;
				CLANG_ENABLE_OBJC_WEAK = YES;
				CLANG_WARN_BLOCK_CAPTURE_AUTORELEASING = YES;
				CLANG_WARN_BOOL_CONVERSION = YES;
				CLANG_WARN_COMMA = YES;
				CLANG_WARN_CONSTANT_CONVERSION = YES;
				CLANG_WARN_DEPRECATED_OBJC_IMPLEMENTATIONS = YES;
				CLANG_WARN_DIRECT_OBJC_ISA_USAGE = YES_ERROR;
				CLANG_WARN_DOCUMENTATION_COMMENTS = YES;
				CLANG_WARN_EMPTY_BODY = YES;
				CLANG_WARN_ENUM_CONVERSION = YES;
				CLANG_WARN_INFINITE_RECURSION = YES;
				CLANG_WARN_INT_CONVERSION = YES;
				CLANG_WARN_NON_LITERAL_NULL_CONVERSION = YES;
				CLANG_WARN_OBJC_IMPLICIT_RETAIN_SELF = YES;
				CLANG_WARN_OBJC_LITERAL_CONVERSION = YES;
				CLANG_WARN_OBJC_ROOT_CLASS = YES_ERROR;
				CLANG_WARN_QUOTED_INCLUDE_IN_FRAMEWORK_HEADER = YES;
				CLANG_WARN_RANGE_LOOP_ANALYSIS = YES;
				CLANG_WARN_STRICT_PROTOTYPES = YES;
				CLANG_WARN_SUSPICIOUS_MOVE = YES;
				CLANG_WARN_UNGUARDED_AVAILABILITY = YES_AGGRESSIVE;
				CLANG_WARN_UNREACHABLE_CODE = YES;
				CLANG_WARN__DUPLICATE_METHOD_MATCH = YES;
				COPY_PHASE_STRIP = NO;
				DEBUG_INFORMATION_FORMAT = "dwarf-with-dsym";
				ENABLE_NS_ASSERTIONS = NO;
				ENABLE_STRICT_OBJC_MSGSEND = YES;
				GCC_C_LANGUAGE_STANDARD = gnu11;
				GCC_NO_COMMON_BLOCKS = YES;
				GCC_WARN_64_TO_32_BIT_CONVERSION = YES;
				GCC_WARN_ABOUT_RETURN_TYPE = YES_ERROR;
				GCC_WARN_UNDECLARED_SELECTOR = YES;
				GCC_WARN_UNINITIALIZED_AUTOS = YES_AGGRESSIVE;
				GCC_WARN_UNUSED_FUNCTION = YES;
				GCC_WARN_UNUSED_VARIABLE = YES;
				IPHONEOS_DEPLOYMENT_TARGET = 15.5;
				MTL_ENABLE_DEBUG_INFO = NO;
				MTL_FAST_MATH = YES;
				SDKROOT = iphoneos;
				SWIFT_COMPILATION_MODE = wholemodule;
				SWIFT_OPTIMIZATION_LEVEL = "-O";
				VALIDATE_PRODUCT = YES;
			};
			name = Prod;
		};
		114E824D28C3842600542183 /* Dev */ = {
			isa = XCBuildConfiguration;
			buildSettings = {
				ASSETCATALOG_COMPILER_APPICON_NAME = AppIcon;
				ASSETCATALOG_COMPILER_GLOBAL_ACCENT_COLOR_NAME = AccentColor;
				CODE_SIGN_STYLE = Automatic;
				CURRENT_PROJECT_VERSION = 1;
				DEVELOPMENT_ASSET_PATHS = "\"SwiftUI-MVVM/Preview Content\"";
				DEVELOPMENT_TEAM = ZASPB3G349;
				ENABLE_PREVIEWS = YES;
				GENERATE_INFOPLIST_FILE = YES;
				INFOPLIST_FILE = "SwiftUI-MVVM/Info.plist";
				INFOPLIST_KEY_UIApplicationSceneManifest_Generation = YES;
				INFOPLIST_KEY_UIApplicationSupportsIndirectInputEvents = YES;
				INFOPLIST_KEY_UILaunchScreen_Generation = YES;
				INFOPLIST_KEY_UISupportedInterfaceOrientations_iPad = "UIInterfaceOrientationPortrait UIInterfaceOrientationPortraitUpsideDown UIInterfaceOrientationLandscapeLeft UIInterfaceOrientationLandscapeRight";
				INFOPLIST_KEY_UISupportedInterfaceOrientations_iPhone = "UIInterfaceOrientationPortrait UIInterfaceOrientationLandscapeLeft UIInterfaceOrientationLandscapeRight";
				LD_RUNPATH_SEARCH_PATHS = (
					"$(inherited)",
					"@executable_path/Frameworks",
				);
				MARKETING_VERSION = 1.0;
				PRODUCT_BUNDLE_IDENTIFIER = "com.SwiftUI-MVVM";
				PRODUCT_NAME = "$(TARGET_NAME)";
				SWIFT_ACTIVE_COMPILATION_CONDITIONS = "DEBUG DEV";
				SWIFT_EMIT_LOC_STRINGS = YES;
				SWIFT_VERSION = 5.0;
				TARGETED_DEVICE_FAMILY = "1,2";
			};
			name = Dev;
		};
		114E824E28C3842600542183 /* Prod */ = {
			isa = XCBuildConfiguration;
			buildSettings = {
				ASSETCATALOG_COMPILER_APPICON_NAME = AppIcon;
				ASSETCATALOG_COMPILER_GLOBAL_ACCENT_COLOR_NAME = AccentColor;
				CODE_SIGN_STYLE = Automatic;
				CURRENT_PROJECT_VERSION = 1;
				DEVELOPMENT_ASSET_PATHS = "\"SwiftUI-MVVM/Preview Content\"";
				DEVELOPMENT_TEAM = ZASPB3G349;
				ENABLE_PREVIEWS = YES;
				GENERATE_INFOPLIST_FILE = YES;
				INFOPLIST_FILE = "SwiftUI-MVVM/Info.plist";
				INFOPLIST_KEY_UIApplicationSceneManifest_Generation = YES;
				INFOPLIST_KEY_UIApplicationSupportsIndirectInputEvents = YES;
				INFOPLIST_KEY_UILaunchScreen_Generation = YES;
				INFOPLIST_KEY_UISupportedInterfaceOrientations_iPad = "UIInterfaceOrientationPortrait UIInterfaceOrientationPortraitUpsideDown UIInterfaceOrientationLandscapeLeft UIInterfaceOrientationLandscapeRight";
				INFOPLIST_KEY_UISupportedInterfaceOrientations_iPhone = "UIInterfaceOrientationPortrait UIInterfaceOrientationLandscapeLeft UIInterfaceOrientationLandscapeRight";
				LD_RUNPATH_SEARCH_PATHS = (
					"$(inherited)",
					"@executable_path/Frameworks",
				);
				MARKETING_VERSION = 1.0;
				PRODUCT_BUNDLE_IDENTIFIER = "com.SwiftUI-MVVM";
				PRODUCT_NAME = "$(TARGET_NAME)";
				SWIFT_ACTIVE_COMPILATION_CONDITIONS = PROD;
				SWIFT_EMIT_LOC_STRINGS = YES;
				SWIFT_VERSION = 5.0;
				TARGETED_DEVICE_FAMILY = "1,2";
			};
			name = Prod;
		};
		114E825028C3842600542183 /* Dev */ = {
			isa = XCBuildConfiguration;
			buildSettings = {
				ALWAYS_EMBED_SWIFT_STANDARD_LIBRARIES = YES;
				BUNDLE_LOADER = "$(TEST_HOST)";
				CODE_SIGN_STYLE = Automatic;
				CURRENT_PROJECT_VERSION = 1;
				DEVELOPMENT_TEAM = ZASPB3G349;
				GENERATE_INFOPLIST_FILE = YES;
				IPHONEOS_DEPLOYMENT_TARGET = 15.5;
				MARKETING_VERSION = 1.0;
				PRODUCT_BUNDLE_IDENTIFIER = "com.SwiftUI-MVVMTests";
				PRODUCT_NAME = "$(TARGET_NAME)";
				SWIFT_EMIT_LOC_STRINGS = NO;
				SWIFT_VERSION = 5.0;
				TARGETED_DEVICE_FAMILY = "1,2";
				TEST_HOST = "$(BUILT_PRODUCTS_DIR)/SwiftUI-MVVM.app/SwiftUI-MVVM";
			};
			name = Dev;
		};
		114E825128C3842600542183 /* Prod */ = {
			isa = XCBuildConfiguration;
			buildSettings = {
				ALWAYS_EMBED_SWIFT_STANDARD_LIBRARIES = YES;
				BUNDLE_LOADER = "$(TEST_HOST)";
				CODE_SIGN_STYLE = Automatic;
				CURRENT_PROJECT_VERSION = 1;
				DEVELOPMENT_TEAM = ZASPB3G349;
				GENERATE_INFOPLIST_FILE = YES;
				IPHONEOS_DEPLOYMENT_TARGET = 15.5;
				MARKETING_VERSION = 1.0;
				PRODUCT_BUNDLE_IDENTIFIER = "com.SwiftUI-MVVMTests";
				PRODUCT_NAME = "$(TARGET_NAME)";
				SWIFT_EMIT_LOC_STRINGS = NO;
				SWIFT_VERSION = 5.0;
				TARGETED_DEVICE_FAMILY = "1,2";
				TEST_HOST = "$(BUILT_PRODUCTS_DIR)/SwiftUI-MVVM.app/SwiftUI-MVVM";
			};
			name = Prod;
		};
		114E825328C3842600542183 /* Dev */ = {
			isa = XCBuildConfiguration;
			buildSettings = {
				ALWAYS_EMBED_SWIFT_STANDARD_LIBRARIES = YES;
				CODE_SIGN_STYLE = Automatic;
				CURRENT_PROJECT_VERSION = 1;
				DEVELOPMENT_TEAM = ZASPB3G349;
				GENERATE_INFOPLIST_FILE = YES;
				MARKETING_VERSION = 1.0;
				PRODUCT_BUNDLE_IDENTIFIER = "com.SwiftUI-MVVMUITests";
				PRODUCT_NAME = "$(TARGET_NAME)";
				SWIFT_EMIT_LOC_STRINGS = NO;
				SWIFT_VERSION = 5.0;
				TARGETED_DEVICE_FAMILY = "1,2";
				TEST_TARGET_NAME = "SwiftUI-MVVM";
			};
			name = Dev;
		};
		114E825428C3842600542183 /* Prod */ = {
			isa = XCBuildConfiguration;
			buildSettings = {
				ALWAYS_EMBED_SWIFT_STANDARD_LIBRARIES = YES;
				CODE_SIGN_STYLE = Automatic;
				CURRENT_PROJECT_VERSION = 1;
				DEVELOPMENT_TEAM = ZASPB3G349;
				GENERATE_INFOPLIST_FILE = YES;
				MARKETING_VERSION = 1.0;
				PRODUCT_BUNDLE_IDENTIFIER = "com.SwiftUI-MVVMUITests";
				PRODUCT_NAME = "$(TARGET_NAME)";
				SWIFT_EMIT_LOC_STRINGS = NO;
				SWIFT_VERSION = 5.0;
				TARGETED_DEVICE_FAMILY = "1,2";
				TEST_TARGET_NAME = "SwiftUI-MVVM";
			};
			name = Prod;
		};
		11C9CDEC28C8F88200FF7539 /* QA */ = {
			isa = XCBuildConfiguration;
			buildSettings = {
				ALWAYS_SEARCH_USER_PATHS = NO;
				CLANG_ANALYZER_NONNULL = YES;
				CLANG_ANALYZER_NUMBER_OBJECT_CONVERSION = YES_AGGRESSIVE;
				CLANG_CXX_LANGUAGE_STANDARD = "gnu++17";
				CLANG_ENABLE_MODULES = YES;
				CLANG_ENABLE_OBJC_ARC = YES;
				CLANG_ENABLE_OBJC_WEAK = YES;
				CLANG_WARN_BLOCK_CAPTURE_AUTORELEASING = YES;
				CLANG_WARN_BOOL_CONVERSION = YES;
				CLANG_WARN_COMMA = YES;
				CLANG_WARN_CONSTANT_CONVERSION = YES;
				CLANG_WARN_DEPRECATED_OBJC_IMPLEMENTATIONS = YES;
				CLANG_WARN_DIRECT_OBJC_ISA_USAGE = YES_ERROR;
				CLANG_WARN_DOCUMENTATION_COMMENTS = YES;
				CLANG_WARN_EMPTY_BODY = YES;
				CLANG_WARN_ENUM_CONVERSION = YES;
				CLANG_WARN_INFINITE_RECURSION = YES;
				CLANG_WARN_INT_CONVERSION = YES;
				CLANG_WARN_NON_LITERAL_NULL_CONVERSION = YES;
				CLANG_WARN_OBJC_IMPLICIT_RETAIN_SELF = YES;
				CLANG_WARN_OBJC_LITERAL_CONVERSION = YES;
				CLANG_WARN_OBJC_ROOT_CLASS = YES_ERROR;
				CLANG_WARN_QUOTED_INCLUDE_IN_FRAMEWORK_HEADER = YES;
				CLANG_WARN_RANGE_LOOP_ANALYSIS = YES;
				CLANG_WARN_STRICT_PROTOTYPES = YES;
				CLANG_WARN_SUSPICIOUS_MOVE = YES;
				CLANG_WARN_UNGUARDED_AVAILABILITY = YES_AGGRESSIVE;
				CLANG_WARN_UNREACHABLE_CODE = YES;
				CLANG_WARN__DUPLICATE_METHOD_MATCH = YES;
				COPY_PHASE_STRIP = NO;
				DEBUG_INFORMATION_FORMAT = dwarf;
				ENABLE_STRICT_OBJC_MSGSEND = YES;
				ENABLE_TESTABILITY = YES;
				GCC_C_LANGUAGE_STANDARD = gnu11;
				GCC_DYNAMIC_NO_PIC = NO;
				GCC_NO_COMMON_BLOCKS = YES;
				GCC_OPTIMIZATION_LEVEL = 0;
				GCC_PREPROCESSOR_DEFINITIONS = (
					"DEBUG=1",
					"$(inherited)",
				);
				GCC_WARN_64_TO_32_BIT_CONVERSION = YES;
				GCC_WARN_ABOUT_RETURN_TYPE = YES_ERROR;
				GCC_WARN_UNDECLARED_SELECTOR = YES;
				GCC_WARN_UNINITIALIZED_AUTOS = YES_AGGRESSIVE;
				GCC_WARN_UNUSED_FUNCTION = YES;
				GCC_WARN_UNUSED_VARIABLE = YES;
				IPHONEOS_DEPLOYMENT_TARGET = 15.5;
				MTL_ENABLE_DEBUG_INFO = INCLUDE_SOURCE;
				MTL_FAST_MATH = YES;
				ONLY_ACTIVE_ARCH = YES;
				SDKROOT = iphoneos;
				SWIFT_ACTIVE_COMPILATION_CONDITIONS = DEBUG;
				SWIFT_OPTIMIZATION_LEVEL = "-Onone";
			};
			name = QA;
		};
		11C9CDED28C8F88200FF7539 /* QA */ = {
			isa = XCBuildConfiguration;
			buildSettings = {
				ASSETCATALOG_COMPILER_APPICON_NAME = AppIcon;
				ASSETCATALOG_COMPILER_GLOBAL_ACCENT_COLOR_NAME = AccentColor;
				CODE_SIGN_STYLE = Automatic;
				CURRENT_PROJECT_VERSION = 1;
				DEVELOPMENT_ASSET_PATHS = "\"SwiftUI-MVVM/Preview Content\"";
				DEVELOPMENT_TEAM = ZASPB3G349;
				ENABLE_PREVIEWS = YES;
				GENERATE_INFOPLIST_FILE = YES;
				INFOPLIST_FILE = "SwiftUI-MVVM/Info.plist";
				INFOPLIST_KEY_UIApplicationSceneManifest_Generation = YES;
				INFOPLIST_KEY_UIApplicationSupportsIndirectInputEvents = YES;
				INFOPLIST_KEY_UILaunchScreen_Generation = YES;
				INFOPLIST_KEY_UISupportedInterfaceOrientations_iPad = "UIInterfaceOrientationPortrait UIInterfaceOrientationPortraitUpsideDown UIInterfaceOrientationLandscapeLeft UIInterfaceOrientationLandscapeRight";
				INFOPLIST_KEY_UISupportedInterfaceOrientations_iPhone = "UIInterfaceOrientationPortrait UIInterfaceOrientationLandscapeLeft UIInterfaceOrientationLandscapeRight";
				LD_RUNPATH_SEARCH_PATHS = (
					"$(inherited)",
					"@executable_path/Frameworks",
				);
				MARKETING_VERSION = 1.0;
				PRODUCT_BUNDLE_IDENTIFIER = "com.SwiftUI-MVVM";
				PRODUCT_NAME = "$(TARGET_NAME)";
				SWIFT_ACTIVE_COMPILATION_CONDITIONS = "DEBUG DEV";
				SWIFT_EMIT_LOC_STRINGS = YES;
				SWIFT_VERSION = 5.0;
				TARGETED_DEVICE_FAMILY = "1,2";
			};
			name = QA;
		};
		11C9CDEE28C8F88200FF7539 /* QA */ = {
			isa = XCBuildConfiguration;
			buildSettings = {
				ALWAYS_EMBED_SWIFT_STANDARD_LIBRARIES = YES;
				BUNDLE_LOADER = "$(TEST_HOST)";
				CODE_SIGN_STYLE = Automatic;
				CURRENT_PROJECT_VERSION = 1;
				DEVELOPMENT_TEAM = ZASPB3G349;
				GENERATE_INFOPLIST_FILE = YES;
				IPHONEOS_DEPLOYMENT_TARGET = 15.5;
				MARKETING_VERSION = 1.0;
				PRODUCT_BUNDLE_IDENTIFIER = "com.SwiftUI-MVVMTests";
				PRODUCT_NAME = "$(TARGET_NAME)";
				SWIFT_EMIT_LOC_STRINGS = NO;
				SWIFT_VERSION = 5.0;
				TARGETED_DEVICE_FAMILY = "1,2";
				TEST_HOST = "$(BUILT_PRODUCTS_DIR)/SwiftUI-MVVM.app/SwiftUI-MVVM";
			};
			name = QA;
		};
		11C9CDEF28C8F88200FF7539 /* QA */ = {
			isa = XCBuildConfiguration;
			buildSettings = {
				ALWAYS_EMBED_SWIFT_STANDARD_LIBRARIES = YES;
				CODE_SIGN_STYLE = Automatic;
				CURRENT_PROJECT_VERSION = 1;
				DEVELOPMENT_TEAM = ZASPB3G349;
				GENERATE_INFOPLIST_FILE = YES;
				MARKETING_VERSION = 1.0;
				PRODUCT_BUNDLE_IDENTIFIER = "com.SwiftUI-MVVMUITests";
				PRODUCT_NAME = "$(TARGET_NAME)";
				SWIFT_EMIT_LOC_STRINGS = NO;
				SWIFT_VERSION = 5.0;
				TARGETED_DEVICE_FAMILY = "1,2";
				TEST_TARGET_NAME = "SwiftUI-MVVM";
			};
			name = QA;
		};
/* End XCBuildConfiguration section */

/* Begin XCConfigurationList section */
		114E822328C3842300542183 /* Build configuration list for PBXProject "SwiftUI-MVVM" */ = {
			isa = XCConfigurationList;
			buildConfigurations = (
				114E824A28C3842600542183 /* Dev */,
				11C9CDEC28C8F88200FF7539 /* QA */,
				114E824B28C3842600542183 /* Prod */,
			);
			defaultConfigurationIsVisible = 0;
			defaultConfigurationName = Prod;
		};
		114E824C28C3842600542183 /* Build configuration list for PBXNativeTarget "SwiftUI-MVVM" */ = {
			isa = XCConfigurationList;
			buildConfigurations = (
				114E824D28C3842600542183 /* Dev */,
				11C9CDED28C8F88200FF7539 /* QA */,
				114E824E28C3842600542183 /* Prod */,
			);
			defaultConfigurationIsVisible = 0;
			defaultConfigurationName = Prod;
		};
		114E824F28C3842600542183 /* Build configuration list for PBXNativeTarget "SwiftUI-MVVMTests" */ = {
			isa = XCConfigurationList;
			buildConfigurations = (
				114E825028C3842600542183 /* Dev */,
				11C9CDEE28C8F88200FF7539 /* QA */,
				114E825128C3842600542183 /* Prod */,
			);
			defaultConfigurationIsVisible = 0;
			defaultConfigurationName = Prod;
		};
		114E825228C3842600542183 /* Build configuration list for PBXNativeTarget "SwiftUI-MVVMUITests" */ = {
			isa = XCConfigurationList;
			buildConfigurations = (
				114E825328C3842600542183 /* Dev */,
				11C9CDEF28C8F88200FF7539 /* QA */,
				114E825428C3842600542183 /* Prod */,
			);
			defaultConfigurationIsVisible = 0;
			defaultConfigurationName = Prod;
		};
/* End XCConfigurationList section */
	};
	rootObject = 114E822028C3842300542183 /* Project object */;
}
